
Microsoft Visual Studio Solution File, Format Version 12.00
# Visual Studio Version 16
VisualStudioVersion = 16.0.28721.148
MinimumVisualStudioVersion = 10.0.40219.1
Project("{9A19103F-16F7-4668-BE54-9A1E7A4F7556}") = "PucRoutesApi", "PucRoutesApi\PucRoutesApi.csproj", "{DC1D1E7A-DFD5-4B3E-BA4F-6E4DA905D693}"
EndProject
Project("{9A19103F-16F7-4668-BE54-9A1E7A4F7556}") = "Otimizacao", "Otimizacao\Otimizacao.csproj", "{B2B07365-4B1E-4B8E-8BFA-294EED49C535}"
EndProject
Global
	GlobalSection(SolutionConfigurationPlatforms) = preSolution
		Debug|Any CPU = Debug|Any CPU
		Release|Any CPU = Release|Any CPU
	EndGlobalSection
	GlobalSection(ProjectConfigurationPlatforms) = postSolution
		{DC1D1E7A-DFD5-4B3E-BA4F-6E4DA905D693}.Debug|Any CPU.ActiveCfg = Debug|Any CPU
		{DC1D1E7A-DFD5-4B3E-BA4F-6E4DA905D693}.Debug|Any CPU.Build.0 = Debug|Any CPU
		{DC1D1E7A-DFD5-4B3E-BA4F-6E4DA905D693}.Release|Any CPU.ActiveCfg = Release|Any CPU
		{DC1D1E7A-DFD5-4B3E-BA4F-6E4DA905D693}.Release|Any CPU.Build.0 = Release|Any CPU
		{B2B07365-4B1E-4B8E-8BFA-294EED49C535}.Debug|Any CPU.ActiveCfg = Debug|Any CPU
		{B2B07365-4B1E-4B8E-8BFA-294EED49C535}.Debug|Any CPU.Build.0 = Debug|Any CPU
		{B2B07365-4B1E-4B8E-8BFA-294EED49C535}.Release|Any CPU.ActiveCfg = Release|Any CPU
		{B2B07365-4B1E-4B8E-8BFA-294EED49C535}.Release|Any CPU.Build.0 = Release|Any CPU
	EndGlobalSection
	GlobalSection(SolutionProperties) = preSolution
		HideSolutionNode = FALSE
	EndGlobalSection
	GlobalSection(ExtensibilityGlobals) = postSolution
		SolutionGuid = {CE177BF7-9526-4C13-B256-D4CEC7E125AA}
	EndGlobalSection
EndGlobal
